
Microsoft Visual Studio Solution File, Format Version 12.00
# Visual Studio 15
Project("{FAE04EC0-301F-11D3-BF4B-00C04F79EFBC}") = "VuforiaScripts", "VuforiaScripts.csproj", "{DA188D8B-ED2D-0803-F4F2-FC4395D835AA}"
EndProject
Project("{FAE04EC0-301F-11D3-BF4B-00C04F79EFBC}") = "LeanTouch", "LeanTouch.csproj", "{5E49EDC1-4EF7-170D-0CC0-35593CA5EE91}"
EndProject
Project("{FAE04EC0-301F-11D3-BF4B-00C04F79EFBC}") = "Assembly-CSharp", "Assembly-CSharp.csproj", "{2A14FAC8-8EDC-7843-F4DD-377FB7B25E3C}"
EndProject
Project("{FAE04EC0-301F-11D3-BF4B-00C04F79EFBC}") = "LeanCommon", "LeanCommon.csproj", "{CAA9D42C-C965-0212-D5B3-A922CE3CA6DF}"
EndProject
Project("{FAE04EC0-301F-11D3-BF4B-00C04F79EFBC}") = "VuforiaEditorScripts", "VuforiaEditorScripts.csproj", "{AFF40EF9-041D-117E-EB13-83A9A80B6BD5}"
EndProject
Global
	GlobalSection(SolutionConfigurationPlatforms) = preSolution
		Debug|Any CPU = Debug|Any CPU
		Release|Any CPU = Release|Any CPU
	EndGlobalSection
	GlobalSection(ProjectConfigurationPlatforms) = postSolution
		{DA188D8B-ED2D-0803-F4F2-FC4395D835AA}.Debug|Any CPU.ActiveCfg = Debug|Any CPU
		{DA188D8B-ED2D-0803-F4F2-FC4395D835AA}.Debug|Any CPU.Build.0 = Debug|Any CPU
		{DA188D8B-ED2D-0803-F4F2-FC4395D835AA}.Release|Any CPU.ActiveCfg = Release|Any CPU
		{DA188D8B-ED2D-0803-F4F2-FC4395D835AA}.Release|Any CPU.Build.0 = Release|Any CPU
		{5E49EDC1-4EF7-170D-0CC0-35593CA5EE91}.Debug|Any CPU.ActiveCfg = Debug|Any CPU
		{5E49EDC1-4EF7-170D-0CC0-35593CA5EE91}.Debug|Any CPU.Build.0 = Debug|Any CPU
		{5E49EDC1-4EF7-170D-0CC0-35593CA5EE91}.Release|Any CPU.ActiveCfg = Release|Any CPU
		{5E49EDC1-4EF7-170D-0CC0-35593CA5EE91}.Release|Any CPU.Build.0 = Release|Any CPU
		{2A14FAC8-8EDC-7843-F4DD-377FB7B25E3C}.Debug|Any CPU.ActiveCfg = Debug|Any CPU
		{2A14FAC8-8EDC-7843-F4DD-377FB7B25E3C}.Debug|Any CPU.Build.0 = Debug|Any CPU
		{2A14FAC8-8EDC-7843-F4DD-377FB7B25E3C}.Release|Any CPU.ActiveCfg = Release|Any CPU
		{2A14FAC8-8EDC-7843-F4DD-377FB7B25E3C}.Release|Any CPU.Build.0 = Release|Any CPU
		{CAA9D42C-C965-0212-D5B3-A922CE3CA6DF}.Debug|Any CPU.ActiveCfg = Debug|Any CPU
		{CAA9D42C-C965-0212-D5B3-A922CE3CA6DF}.Debug|Any CPU.Build.0 = Debug|Any CPU
		{CAA9D42C-C965-0212-D5B3-A922CE3CA6DF}.Release|Any CPU.ActiveCfg = Release|Any CPU
		{CAA9D42C-C965-0212-D5B3-A922CE3CA6DF}.Release|Any CPU.Build.0 = Release|Any CPU
		{AFF40EF9-041D-117E-EB13-83A9A80B6BD5}.Debug|Any CPU.ActiveCfg = Debug|Any CPU
		{AFF40EF9-041D-117E-EB13-83A9A80B6BD5}.Debug|Any CPU.Build.0 = Debug|Any CPU
		{AFF40EF9-041D-117E-EB13-83A9A80B6BD5}.Release|Any CPU.ActiveCfg = Release|Any CPU
		{AFF40EF9-041D-117E-EB13-83A9A80B6BD5}.Release|Any CPU.Build.0 = Release|Any CPU
	EndGlobalSection
	GlobalSection(SolutionProperties) = preSolution
		HideSolutionNode = FALSE
	EndGlobalSection
EndGlobal
